
Microsoft Visual Studio Solution File, Format Version 12.00
# Visual Studio 14
VisualStudioVersion = 14.0.25420.1
MinimumVisualStudioVersion = 10.0.40219.1
Project("{FAE04EC0-301F-11D3-BF4B-00C04F79EFBC}") = "XMLForm", "XMLForm\XMLForm.csproj", "{1AA897E8-AECF-45C7-8899-45F790CE4101}"
	ProjectSection(ProjectDependencies) = postProject
		{118837A7-B5A8-4B1B-83C0-55E8C7F846BB} = {118837A7-B5A8-4B1B-83C0-55E8C7F846BB}
	EndProjectSection
EndProject
Project("{FAE04EC0-301F-11D3-BF4B-00C04F79EFBC}") = "XML WPF", "XML WPF\XML WPF.csproj", "{6D966953-2E51-499C-A043-502DD5AFB164}"
EndProject
Project("{FAE04EC0-301F-11D3-BF4B-00C04F79EFBC}") = "Summary", "Summary\Summary.csproj", "{118837A7-B5A8-4B1B-83C0-55E8C7F846BB}"
EndProject
Global
	GlobalSection(SolutionConfigurationPlatforms) = preSolution
		Debug|Any CPU = Debug|Any CPU
		Release|Any CPU = Release|Any CPU
	EndGlobalSection
	GlobalSection(ProjectConfigurationPlatforms) = postSolution
		{1AA897E8-AECF-45C7-8899-45F790CE4101}.Debug|Any CPU.ActiveCfg = Debug|Any CPU
		{1AA897E8-AECF-45C7-8899-45F790CE4101}.Debug|Any CPU.Build.0 = Debug|Any CPU
		{1AA897E8-AECF-45C7-8899-45F790CE4101}.Release|Any CPU.ActiveCfg = Release|Any CPU
		{1AA897E8-AECF-45C7-8899-45F790CE4101}.Release|Any CPU.Build.0 = Release|Any CPU
		{6D966953-2E51-499C-A043-502DD5AFB164}.Debug|Any CPU.ActiveCfg = Debug|Any CPU
		{6D966953-2E51-499C-A043-502DD5AFB164}.Debug|Any CPU.Build.0 = Debug|Any CPU
		{6D966953-2E51-499C-A043-502DD5AFB164}.Release|Any CPU.ActiveCfg = Release|Any CPU
		{6D966953-2E51-499C-A043-502DD5AFB164}.Release|Any CPU.Build.0 = Release|Any CPU
		{118837A7-B5A8-4B1B-83C0-55E8C7F846BB}.Debug|Any CPU.ActiveCfg = Debug|Any CPU
		{118837A7-B5A8-4B1B-83C0-55E8C7F846BB}.Debug|Any CPU.Build.0 = Debug|Any CPU
		{118837A7-B5A8-4B1B-83C0-55E8C7F846BB}.Release|Any CPU.ActiveCfg = Release|Any CPU
		{118837A7-B5A8-4B1B-83C0-55E8C7F846BB}.Release|Any CPU.Build.0 = Release|Any CPU
	EndGlobalSection
	GlobalSection(SolutionProperties) = preSolution
		HideSolutionNode = FALSE
	EndGlobalSection
EndGlobal
